// !$*UTF8*$!
{
	archiveVersion = 1;
	classes = {
	};
	objectVersion = 46;
	objects = {

/* Begin PBXBuildFile section */
		311252DE1820A935008D5C75 /* AVFoundation.framework in Frameworks */ = {isa = PBXBuildFile; fileRef = 311252DD1820A935008D5C75 /* AVFoundation.framework */; };
		31544D40181DAF41006C9D94 /* OverlayView.m in Sources */ = {isa = PBXBuildFile; fileRef = 31544D3F181DAF41006C9D94 /* OverlayView.m */; };
		316ACB431831973A00FE3A83 /* bowl1.png in Resources */ = {isa = PBXBuildFile; fileRef = 316ACB371831973A00FE3A83 /* bowl1.png */; };
		316ACB441831973A00FE3A83 /* bowl2.png in Resources */ = {isa = PBXBuildFile; fileRef = 316ACB381831973A00FE3A83 /* bowl2.png */; };
		316ACB451831973A00FE3A83 /* bowl3.png in Resources */ = {isa = PBXBuildFile; fileRef = 316ACB391831973A00FE3A83 /* bowl3.png */; };
		316ACB461831973A00FE3A83 /* bowl4.png in Resources */ = {isa = PBXBuildFile; fileRef = 316ACB3A1831973A00FE3A83 /* bowl4.png */; };
		316ACB471831973A00FE3A83 /* bowl5.png in Resources */ = {isa = PBXBuildFile; fileRef = 316ACB3B1831973A00FE3A83 /* bowl5.png */; };
		316ACB481831973A00FE3A83 /* bowl6.png in Resources */ = {isa = PBXBuildFile; fileRef = 316ACB3C1831973A00FE3A83 /* bowl6.png */; };
		316ACB491831973A00FE3A83 /* bowl7.png in Resources */ = {isa = PBXBuildFile; fileRef = 316ACB3D1831973A00FE3A83 /* bowl7.png */; };
		316ACB4A1831973A00FE3A83 /* bowl8.png in Resources */ = {isa = PBXBuildFile; fileRef = 316ACB3E1831973A00FE3A83 /* bowl8.png */; };
		316ACB4B1831973A00FE3A83 /* bowl9.png in Resources */ = {isa = PBXBuildFile; fileRef = 316ACB3F1831973A00FE3A83 /* bowl9.png */; };
		316ACB4C1831973A00FE3A83 /* bowl10.png in Resources */ = {isa = PBXBuildFile; fileRef = 316ACB401831973A00FE3A83 /* bowl10.png */; };
		316ACB4D1831973A00FE3A83 /* bowl11.png in Resources */ = {isa = PBXBuildFile; fileRef = 316ACB411831973A00FE3A83 /* bowl11.png */; };
		316ACB4E1831973A00FE3A83 /* bowl12.png in Resources */ = {isa = PBXBuildFile; fileRef = 316ACB421831973A00FE3A83 /* bowl12.png */; };
		316ACB501831A15A00FE3A83 /* default_food.png in Resources */ = {isa = PBXBuildFile; fileRef = 316ACB4F1831A15A00FE3A83 /* default_food.png */; };
		31FD15D01804B91C00142A5F /* PhotoViewController.m in Sources */ = {isa = PBXBuildFile; fileRef = 31FD15CF1804B91C00142A5F /* PhotoViewController.m */; };
		EC6FD1B517EA746000EB05E9 /* UIKit.framework in Frameworks */ = {isa = PBXBuildFile; fileRef = EC6FD1B417EA746000EB05E9 /* UIKit.framework */; };
		EC6FD1B717EA746000EB05E9 /* Foundation.framework in Frameworks */ = {isa = PBXBuildFile; fileRef = EC6FD1B617EA746000EB05E9 /* Foundation.framework */; };
		EC6FD1B917EA746000EB05E9 /* CoreGraphics.framework in Frameworks */ = {isa = PBXBuildFile; fileRef = EC6FD1B817EA746000EB05E9 /* CoreGraphics.framework */; };
		EC6FD1BF17EA746000EB05E9 /* InfoPlist.strings in Resources */ = {isa = PBXBuildFile; fileRef = EC6FD1BD17EA746000EB05E9 /* InfoPlist.strings */; };
		EC6FD1C117EA746000EB05E9 /* main.m in Sources */ = {isa = PBXBuildFile; fileRef = EC6FD1C017EA746000EB05E9 /* main.m */; };
		EC6FD1C517EA746000EB05E9 /* HomeAppDelegate.m in Sources */ = {isa = PBXBuildFile; fileRef = EC6FD1C417EA746000EB05E9 /* HomeAppDelegate.m */; };
		EC6FD1C717EA746000EB05E9 /* Default.png in Resources */ = {isa = PBXBuildFile; fileRef = EC6FD1C617EA746000EB05E9 /* Default.png */; };
		EC6FD1C917EA746000EB05E9 /* Default@2x.png in Resources */ = {isa = PBXBuildFile; fileRef = EC6FD1C817EA746000EB05E9 /* Default@2x.png */; };
		EC6FD1CB17EA746000EB05E9 /* Default-568h@2x.png in Resources */ = {isa = PBXBuildFile; fileRef = EC6FD1CA17EA746000EB05E9 /* Default-568h@2x.png */; };
		EC6FD1D117EA746000EB05E9 /* MainStoryboard_iPad.storyboard in Resources */ = {isa = PBXBuildFile; fileRef = EC6FD1CF17EA746000EB05E9 /* MainStoryboard_iPad.storyboard */; };
		EC6FD1D417EA746000EB05E9 /* HomeViewController.m in Sources */ = {isa = PBXBuildFile; fileRef = EC6FD1D317EA746000EB05E9 /* HomeViewController.m */; };
		EC6FD1DC17EA746000EB05E9 /* SenTestingKit.framework in Frameworks */ = {isa = PBXBuildFile; fileRef = EC6FD1DB17EA746000EB05E9 /* SenTestingKit.framework */; };
		EC6FD1DD17EA746000EB05E9 /* UIKit.framework in Frameworks */ = {isa = PBXBuildFile; fileRef = EC6FD1B417EA746000EB05E9 /* UIKit.framework */; };
		EC6FD1DE17EA746000EB05E9 /* Foundation.framework in Frameworks */ = {isa = PBXBuildFile; fileRef = EC6FD1B617EA746000EB05E9 /* Foundation.framework */; };
		EC6FD1E617EA746000EB05E9 /* InfoPlist.strings in Resources */ = {isa = PBXBuildFile; fileRef = EC6FD1E417EA746000EB05E9 /* InfoPlist.strings */; };
		EC6FD1E917EA746000EB05E9 /* Tiny_TastesTests.m in Sources */ = {isa = PBXBuildFile; fileRef = EC6FD1E817EA746000EB05E9 /* Tiny_TastesTests.m */; };
		EC7124B61813430E007319C5 /* StoryDataViewController.m in Sources */ = {isa = PBXBuildFile; fileRef = EC7124B51813430E007319C5 /* StoryDataViewController.m */; };
		EC7124B918134358007319C5 /* StoryModelController.m in Sources */ = {isa = PBXBuildFile; fileRef = EC7124B818134358007319C5 /* StoryModelController.m */; };
		EC7124BC181343A2007319C5 /* StoryViewController.m in Sources */ = {isa = PBXBuildFile; fileRef = EC7124BB181343A2007319C5 /* StoryViewController.m */; };
		EC7124BE181354EB007319C5 /* Story.strings in Resources */ = {isa = PBXBuildFile; fileRef = EC7124BD181354EB007319C5 /* Story.strings */; };
		EC7124C018145E25007319C5 /* story.xml in Resources */ = {isa = PBXBuildFile; fileRef = EC7124BF18145E25007319C5 /* story.xml */; };
		EC7124C31814603F007319C5 /* Scene.m in Sources */ = {isa = PBXBuildFile; fileRef = EC7124C21814603F007319C5 /* Scene.m */; };
		EC7124C618146152007319C5 /* XMLDelegate.m in Sources */ = {isa = PBXBuildFile; fileRef = EC7124C518146152007319C5 /* XMLDelegate.m */; };
		EC7124CB18147519007319C5 /* SceneFactory.m in Sources */ = {isa = PBXBuildFile; fileRef = EC7124CA18147519007319C5 /* SceneFactory.m */; };
		FD70732918303865003BFC29 /* pediasure.jpg in Resources */ = {isa = PBXBuildFile; fileRef = FD70730018303865003BFC29 /* pediasure.jpg */; };
		FD70732A18303865003BFC29 /* pages_3_and_4.jpg in Resources */ = {isa = PBXBuildFile; fileRef = FD70730118303865003BFC29 /* pages_3_and_4.jpg */; };
		FD70732B18303865003BFC29 /* pages_1_and_2.jpg in Resources */ = {isa = PBXBuildFile; fileRef = FD70730218303865003BFC29 /* pages_1_and_2.jpg */; };
		FD70732C18303865003BFC29 /* moneybag.jpg in Resources */ = {isa = PBXBuildFile; fileRef = FD70730318303865003BFC29 /* moneybag.jpg */; };
		FD70732D18303865003BFC29 /* page_5.jpg in Resources */ = {isa = PBXBuildFile; fileRef = FD70730418303865003BFC29 /* page_5.jpg */; };
		FD70732E18303865003BFC29 /* full_bowl.jpg in Resources */ = {isa = PBXBuildFile; fileRef = FD70730518303865003BFC29 /* full_bowl.jpg */; };
		FD70732F18303865003BFC29 /* drinking_sippy_2.jpg in Resources */ = {isa = PBXBuildFile; fileRef = FD70730618303865003BFC29 /* drinking_sippy_2.jpg */; };
		FD70733018303865003BFC29 /* drinking_sippy_1.jpg in Resources */ = {isa = PBXBuildFile; fileRef = FD70730718303865003BFC29 /* drinking_sippy_1.jpg */; };
		FD70733118303865003BFC29 /* drinking_pediasure_2.jpg in Resources */ = {isa = PBXBuildFile; fileRef = FD70730818303865003BFC29 /* drinking_pediasure_2.jpg */; };
		FD70733218303865003BFC29 /* drinking_pediasure_1.jpg in Resources */ = {isa = PBXBuildFile; fileRef = FD70730918303865003BFC29 /* drinking_pediasure_1.jpg */; };
		FD70733318303865003BFC29 /* drinking_juice_2.jpg in Resources */ = {isa = PBXBuildFile; fileRef = FD70730A18303865003BFC29 /* drinking_juice_2.jpg */; };
		FD70733418303865003BFC29 /* drinking_glass_2.jpg in Resources */ = {isa = PBXBuildFile; fileRef = FD70730B18303865003BFC29 /* drinking_glass_2.jpg */; };
		FD70733518303865003BFC29 /* drinking_juice_1.jpg in Resources */ = {isa = PBXBuildFile; fileRef = FD70730C18303865003BFC29 /* drinking_juice_1.jpg */; };
		FD70733618303865003BFC29 /* drinking_glass_1.jpg in Resources */ = {isa = PBXBuildFile; fileRef = FD70730D18303865003BFC29 /* drinking_glass_1.jpg */; };
		FD70733718303865003BFC29 /* drinking_bottle_2.jpg in Resources */ = {isa = PBXBuildFile; fileRef = FD70730E18303865003BFC29 /* drinking_bottle_2.jpg */; };
		FD70733818303865003BFC29 /* drinking_bottle_1.jpg in Resources */ = {isa = PBXBuildFile; fileRef = FD70730F18303865003BFC29 /* drinking_bottle_1.jpg */; };
		FD70733918303865003BFC29 /* tiny_shop_thumbnail.jpg in Resources */ = {isa = PBXBuildFile; fileRef = FD70731018303865003BFC29 /* tiny_shop_thumbnail.jpg */; };
		FD70733A18303865003BFC29 /* tried_some_label.jpg in Resources */ = {isa = PBXBuildFile; fileRef = FD70731118303865003BFC29 /* tried_some_label.jpg */; };
		FD70733B18303865003BFC29 /* sippy.jpg in Resources */ = {isa = PBXBuildFile; fileRef = FD70731218303865003BFC29 /* sippy.jpg */; };
		FD70733C18303865003BFC29 /* redline.jpg in Resources */ = {isa = PBXBuildFile; fileRef = FD70731318303865003BFC29 /* redline.jpg */; };
		FD70733D18303865003BFC29 /* none_this_time_label.jpg in Resources */ = {isa = PBXBuildFile; fileRef = FD70731418303865003BFC29 /* none_this_time_label.jpg */; };
		FD70733E18303865003BFC29 /* lets_drink.jpg in Resources */ = {isa = PBXBuildFile; fileRef = FD70731518303865003BFC29 /* lets_drink.jpg */; };
		FD70733F18303865003BFC29 /* main_tiny.jpg in Resources */ = {isa = PBXBuildFile; fileRef = FD70731618303865003BFC29 /* main_tiny.jpg */; };
		FD70734018303865003BFC29 /* juicebox.jpg in Resources */ = {isa = PBXBuildFile; fileRef = FD70731718303865003BFC29 /* juicebox.jpg */; };
		FD70734118303865003BFC29 /* im_done_label.jpg in Resources */ = {isa = PBXBuildFile; fileRef = FD70731818303865003BFC29 /* im_done_label.jpg */; };
		FD70734218303865003BFC29 /* feedback_tiny.jpg in Resources */ = {isa = PBXBuildFile; fileRef = FD70731918303865003BFC29 /* feedback_tiny.jpg */; };
		FD70734318303865003BFC29 /* glass.jpg in Resources */ = {isa = PBXBuildFile; fileRef = FD70731A18303865003BFC29 /* glass.jpg */; };
		FD70734418303865003BFC29 /* eating_critter_1.jpg in Resources */ = {isa = PBXBuildFile; fileRef = FD70731B18303865003BFC29 /* eating_critter_1.jpg */; };
		FD70734518303865003BFC29 /* eating_critter_2.jpg in Resources */ = {isa = PBXBuildFile; fileRef = FD70731C18303865003BFC29 /* eating_critter_2.jpg */; };
		FD70734618303865003BFC29 /* coin_pouch.jpg in Resources */ = {isa = PBXBuildFile; fileRef = FD70731D18303865003BFC29 /* coin_pouch.jpg */; };
		FD70734718303865003BFC29 /* cutout.jpg in Resources */ = {isa = PBXBuildFile; fileRef = FD70731E18303865003BFC29 /* cutout.jpg */; };
		FD70734818303865003BFC29 /* coin_icon.jpg in Resources */ = {isa = PBXBuildFile; fileRef = FD70731F18303865003BFC29 /* coin_icon.jpg */; };
		FD70734918303865003BFC29 /* clock_settings.jpg in Resources */ = {isa = PBXBuildFile; fileRef = FD70732018303865003BFC29 /* clock_settings.jpg */; };
		FD70734A18303865003BFC29 /* checkmark.jpg in Resources */ = {isa = PBXBuildFile; fileRef = FD70732118303865003BFC29 /* checkmark.jpg */; };
		FD70734B18303865003BFC29 /* bottle.jpg in Resources */ = {isa = PBXBuildFile; fileRef = FD70732218303865003BFC29 /* bottle.jpg */; };
		FD70734C18303865003BFC29 /* camera.jpg in Resources */ = {isa = PBXBuildFile; fileRef = FD70732318303865003BFC29 /* camera.jpg */; };
		FD70734D18303865003BFC29 /* book_cover.jpg in Resources */ = {isa = PBXBuildFile; fileRef = FD70732418303865003BFC29 /* book_cover.jpg */; };
		FD70734E18303865003BFC29 /* back_arrow.jpg in Resources */ = {isa = PBXBuildFile; fileRef = FD70732518303865003BFC29 /* back_arrow.jpg */; };
		FD70734F18303865003BFC29 /* arrow.jpg in Resources */ = {isa = PBXBuildFile; fileRef = FD70732618303865003BFC29 /* arrow.jpg */; };
		FD70735018303865003BFC29 /* all_finished_label.jpg in Resources */ = {isa = PBXBuildFile; fileRef = FD70732718303865003BFC29 /* all_finished_label.jpg */; };
		FD70735118303865003BFC29 /* camera_overlay.jpg in Resources */ = {isa = PBXBuildFile; fileRef = FD70732818303865003BFC29 /* camera_overlay.jpg */; };
		FD7073541833456C003BFC29 /* slurping.mp3 in Resources */ = {isa = PBXBuildFile; fileRef = FD7073531833456C003BFC29 /* slurping.mp3 */; };
		FDA12068182452EC00877E20 /* CustomTimerViewController.m in Sources */ = {isa = PBXBuildFile; fileRef = FDA12067182452EC00877E20 /* CustomTimerViewController.m */; };
		FDA1206B18256A3A00877E20 /* SetReminderAlertsViewController.m in Sources */ = {isa = PBXBuildFile; fileRef = FDA1206A18256A3A00877E20 /* SetReminderAlertsViewController.m */; };
		FDB11DEB1804E1F800F15964 /* AddMealNotificationViewController.m in Sources */ = {isa = PBXBuildFile; fileRef = FDB11DEA1804E1F800F15964 /* AddMealNotificationViewController.m */; };
		FDB582FC17EA778F004C6FA3 /* README in Resources */ = {isa = PBXBuildFile; fileRef = FDB582FB17EA778F004C6FA3 /* README */; };
		FDB5830A17EA8A9F004C6FA3 /* SettingsViewController.m in Sources */ = {isa = PBXBuildFile; fileRef = FDB5830917EA8A9F004C6FA3 /* SettingsViewController.m */; };
		FDB5830E17EA8CF6004C6FA3 /* TinyShopViewController.m in Sources */ = {isa = PBXBuildFile; fileRef = FDB5830D17EA8CF6004C6FA3 /* TinyShopViewController.m */; };
		FDB5831117EA8DD9004C6FA3 /* EatViewController.m in Sources */ = {isa = PBXBuildFile; fileRef = FDB5831017EA8DD9004C6FA3 /* EatViewController.m */; };
		FDB5831417EA8DE3004C6FA3 /* DrinkViewController.m in Sources */ = {isa = PBXBuildFile; fileRef = FDB5831317EA8DE3004C6FA3 /* DrinkViewController.m */; };
		FDBC9CD01816319800861C75 /* KBZipaDeeDooDah.ttf in Resources */ = {isa = PBXBuildFile; fileRef = FDBC9CCF1816319800861C75 /* KBZipaDeeDooDah.ttf */; };
		FDBC9CD318163E2700861C75 /* FeedbackViewController.m in Sources */ = {isa = PBXBuildFile; fileRef = FDBC9CD218163E2700861C75 /* FeedbackViewController.m */; };
		FDBC9D1418188A7500861C75 /* ChooseDrinkViewController.m in Sources */ = {isa = PBXBuildFile; fileRef = FDBC9D1318188A7500861C75 /* ChooseDrinkViewController.m */; };
/* End PBXBuildFile section */

/* Begin PBXContainerItemProxy section */
		EC6FD1DF17EA746000EB05E9 /* PBXContainerItemProxy */ = {
			isa = PBXContainerItemProxy;
			containerPortal = EC6FD1A917EA746000EB05E9 /* Project object */;
			proxyType = 1;
			remoteGlobalIDString = EC6FD1B017EA746000EB05E9;
			remoteInfo = "Tiny Tastes";
		};
/* End PBXContainerItemProxy section */

/* Begin PBXFileReference section */
		311252DD1820A935008D5C75 /* AVFoundation.framework */ = {isa = PBXFileReference; lastKnownFileType = wrapper.framework; name = AVFoundation.framework; path = System/Library/Frameworks/AVFoundation.framework; sourceTree = SDKROOT; };
		31544D3E181DAF41006C9D94 /* OverlayView.h */ = {isa = PBXFileReference; fileEncoding = 4; lastKnownFileType = sourcecode.c.h; path = OverlayView.h; sourceTree = "<group>"; };
		31544D3F181DAF41006C9D94 /* OverlayView.m */ = {isa = PBXFileReference; fileEncoding = 4; lastKnownFileType = sourcecode.c.objc; path = OverlayView.m; sourceTree = "<group>"; };
		316ACB371831973A00FE3A83 /* bowl1.png */ = {isa = PBXFileReference; lastKnownFileType = image.png; path = bowl1.png; sourceTree = "<group>"; };
		316ACB381831973A00FE3A83 /* bowl2.png */ = {isa = PBXFileReference; lastKnownFileType = image.png; path = bowl2.png; sourceTree = "<group>"; };
		316ACB391831973A00FE3A83 /* bowl3.png */ = {isa = PBXFileReference; lastKnownFileType = image.png; path = bowl3.png; sourceTree = "<group>"; };
		316ACB3A1831973A00FE3A83 /* bowl4.png */ = {isa = PBXFileReference; lastKnownFileType = image.png; path = bowl4.png; sourceTree = "<group>"; };
		316ACB3B1831973A00FE3A83 /* bowl5.png */ = {isa = PBXFileReference; lastKnownFileType = image.png; path = bowl5.png; sourceTree = "<group>"; };
		316ACB3C1831973A00FE3A83 /* bowl6.png */ = {isa = PBXFileReference; lastKnownFileType = image.png; path = bowl6.png; sourceTree = "<group>"; };
		316ACB3D1831973A00FE3A83 /* bowl7.png */ = {isa = PBXFileReference; lastKnownFileType = image.png; path = bowl7.png; sourceTree = "<group>"; };
		316ACB3E1831973A00FE3A83 /* bowl8.png */ = {isa = PBXFileReference; lastKnownFileType = image.png; path = bowl8.png; sourceTree = "<group>"; };
		316ACB3F1831973A00FE3A83 /* bowl9.png */ = {isa = PBXFileReference; lastKnownFileType = image.png; path = bowl9.png; sourceTree = "<group>"; };
		316ACB401831973A00FE3A83 /* bowl10.png */ = {isa = PBXFileReference; lastKnownFileType = image.png; path = bowl10.png; sourceTree = "<group>"; };
		316ACB411831973A00FE3A83 /* bowl11.png */ = {isa = PBXFileReference; lastKnownFileType = image.png; path = bowl11.png; sourceTree = "<group>"; };
		316ACB421831973A00FE3A83 /* bowl12.png */ = {isa = PBXFileReference; lastKnownFileType = image.png; path = bowl12.png; sourceTree = "<group>"; };
		316ACB4F1831A15A00FE3A83 /* default_food.png */ = {isa = PBXFileReference; lastKnownFileType = image.png; path = default_food.png; sourceTree = "<group>"; };
		31FD15CE1804B91C00142A5F /* PhotoViewController.h */ = {isa = PBXFileReference; fileEncoding = 4; lastKnownFileType = sourcecode.c.h; path = PhotoViewController.h; sourceTree = "<group>"; };
		31FD15CF1804B91C00142A5F /* PhotoViewController.m */ = {isa = PBXFileReference; fileEncoding = 4; lastKnownFileType = sourcecode.c.objc; path = PhotoViewController.m; sourceTree = "<group>"; };
		EC6FD1B117EA746000EB05E9 /* Tiny Tastes.app */ = {isa = PBXFileReference; explicitFileType = wrapper.application; includeInIndex = 0; path = "Tiny Tastes.app"; sourceTree = BUILT_PRODUCTS_DIR; };
		EC6FD1B417EA746000EB05E9 /* UIKit.framework */ = {isa = PBXFileReference; lastKnownFileType = wrapper.framework; name = UIKit.framework; path = System/Library/Frameworks/UIKit.framework; sourceTree = SDKROOT; };
		EC6FD1B617EA746000EB05E9 /* Foundation.framework */ = {isa = PBXFileReference; lastKnownFileType = wrapper.framework; name = Foundation.framework; path = System/Library/Frameworks/Foundation.framework; sourceTree = SDKROOT; };
		EC6FD1B817EA746000EB05E9 /* CoreGraphics.framework */ = {isa = PBXFileReference; lastKnownFileType = wrapper.framework; name = CoreGraphics.framework; path = System/Library/Frameworks/CoreGraphics.framework; sourceTree = SDKROOT; };
		EC6FD1BC17EA746000EB05E9 /* Tiny Tastes-Info.plist */ = {isa = PBXFileReference; lastKnownFileType = text.plist.xml; path = "Tiny Tastes-Info.plist"; sourceTree = "<group>"; };
		EC6FD1BE17EA746000EB05E9 /* en */ = {isa = PBXFileReference; lastKnownFileType = text.plist.strings; name = en; path = en.lproj/InfoPlist.strings; sourceTree = "<group>"; };
		EC6FD1C017EA746000EB05E9 /* main.m */ = {isa = PBXFileReference; lastKnownFileType = sourcecode.c.objc; path = main.m; sourceTree = "<group>"; };
		EC6FD1C217EA746000EB05E9 /* Tiny Tastes-Prefix.pch */ = {isa = PBXFileReference; lastKnownFileType = sourcecode.c.h; path = "Tiny Tastes-Prefix.pch"; sourceTree = "<group>"; };
		EC6FD1C317EA746000EB05E9 /* HomeAppDelegate.h */ = {isa = PBXFileReference; lastKnownFileType = sourcecode.c.h; path = HomeAppDelegate.h; sourceTree = "<group>"; };
		EC6FD1C417EA746000EB05E9 /* HomeAppDelegate.m */ = {isa = PBXFileReference; lastKnownFileType = sourcecode.c.objc; path = HomeAppDelegate.m; sourceTree = "<group>"; };
		EC6FD1C617EA746000EB05E9 /* Default.png */ = {isa = PBXFileReference; lastKnownFileType = image.png; path = Default.png; sourceTree = "<group>"; };
		EC6FD1C817EA746000EB05E9 /* Default@2x.png */ = {isa = PBXFileReference; lastKnownFileType = image.png; path = "Default@2x.png"; sourceTree = "<group>"; };
		EC6FD1CA17EA746000EB05E9 /* Default-568h@2x.png */ = {isa = PBXFileReference; lastKnownFileType = image.png; path = "Default-568h@2x.png"; sourceTree = "<group>"; };
		EC6FD1D017EA746000EB05E9 /* en */ = {isa = PBXFileReference; lastKnownFileType = file.storyboard; name = en; path = en.lproj/MainStoryboard_iPad.storyboard; sourceTree = "<group>"; };
		EC6FD1D217EA746000EB05E9 /* HomeViewController.h */ = {isa = PBXFileReference; lastKnownFileType = sourcecode.c.h; path = HomeViewController.h; sourceTree = "<group>"; };
		EC6FD1D317EA746000EB05E9 /* HomeViewController.m */ = {isa = PBXFileReference; lastKnownFileType = sourcecode.c.objc; path = HomeViewController.m; sourceTree = "<group>"; };
		EC6FD1DA17EA746000EB05E9 /* Tiny TastesTests.octest */ = {isa = PBXFileReference; explicitFileType = wrapper.cfbundle; includeInIndex = 0; path = "Tiny TastesTests.octest"; sourceTree = BUILT_PRODUCTS_DIR; };
		EC6FD1DB17EA746000EB05E9 /* SenTestingKit.framework */ = {isa = PBXFileReference; lastKnownFileType = wrapper.framework; name = SenTestingKit.framework; path = Library/Frameworks/SenTestingKit.framework; sourceTree = DEVELOPER_DIR; };
		EC6FD1E317EA746000EB05E9 /* Tiny TastesTests-Info.plist */ = {isa = PBXFileReference; lastKnownFileType = text.plist.xml; path = "Tiny TastesTests-Info.plist"; sourceTree = "<group>"; };
		EC6FD1E517EA746000EB05E9 /* en */ = {isa = PBXFileReference; lastKnownFileType = text.plist.strings; name = en; path = en.lproj/InfoPlist.strings; sourceTree = "<group>"; };
		EC6FD1E717EA746000EB05E9 /* Tiny_TastesTests.h */ = {isa = PBXFileReference; lastKnownFileType = sourcecode.c.h; path = Tiny_TastesTests.h; sourceTree = "<group>"; };
		EC6FD1E817EA746000EB05E9 /* Tiny_TastesTests.m */ = {isa = PBXFileReference; lastKnownFileType = sourcecode.c.objc; path = Tiny_TastesTests.m; sourceTree = "<group>"; };
		EC7124B41813430E007319C5 /* StoryDataViewController.h */ = {isa = PBXFileReference; fileEncoding = 4; lastKnownFileType = sourcecode.c.h; path = StoryDataViewController.h; sourceTree = "<group>"; };
		EC7124B51813430E007319C5 /* StoryDataViewController.m */ = {isa = PBXFileReference; fileEncoding = 4; lastKnownFileType = sourcecode.c.objc; path = StoryDataViewController.m; sourceTree = "<group>"; };
		EC7124B718134358007319C5 /* StoryModelController.h */ = {isa = PBXFileReference; fileEncoding = 4; lastKnownFileType = sourcecode.c.h; path = StoryModelController.h; sourceTree = "<group>"; };
		EC7124B818134358007319C5 /* StoryModelController.m */ = {isa = PBXFileReference; fileEncoding = 4; lastKnownFileType = sourcecode.c.objc; path = StoryModelController.m; sourceTree = "<group>"; };
		EC7124BA181343A2007319C5 /* StoryViewController.h */ = {isa = PBXFileReference; fileEncoding = 4; lastKnownFileType = sourcecode.c.h; path = StoryViewController.h; sourceTree = "<group>"; };
		EC7124BB181343A2007319C5 /* StoryViewController.m */ = {isa = PBXFileReference; fileEncoding = 4; lastKnownFileType = sourcecode.c.objc; path = StoryViewController.m; sourceTree = "<group>"; };
		EC7124BD181354EB007319C5 /* Story.strings */ = {isa = PBXFileReference; fileEncoding = 4; lastKnownFileType = text.plist.strings; path = Story.strings; sourceTree = "<group>"; };
		EC7124BF18145E25007319C5 /* story.xml */ = {isa = PBXFileReference; fileEncoding = 4; lastKnownFileType = text.xml; path = story.xml; sourceTree = "<group>"; };
		EC7124C11814603F007319C5 /* Scene.h */ = {isa = PBXFileReference; fileEncoding = 4; lastKnownFileType = sourcecode.c.h; path = Scene.h; sourceTree = "<group>"; };
		EC7124C21814603F007319C5 /* Scene.m */ = {isa = PBXFileReference; fileEncoding = 4; lastKnownFileType = sourcecode.c.objc; path = Scene.m; sourceTree = "<group>"; };
		EC7124C418146152007319C5 /* XMLDelegate.h */ = {isa = PBXFileReference; fileEncoding = 4; lastKnownFileType = sourcecode.c.h; path = XMLDelegate.h; sourceTree = "<group>"; };
		EC7124C518146152007319C5 /* XMLDelegate.m */ = {isa = PBXFileReference; fileEncoding = 4; lastKnownFileType = sourcecode.c.objc; path = XMLDelegate.m; sourceTree = "<group>"; };
		EC7124C918147519007319C5 /* SceneFactory.h */ = {isa = PBXFileReference; fileEncoding = 4; lastKnownFileType = sourcecode.c.h; path = SceneFactory.h; sourceTree = "<group>"; };
		EC7124CA18147519007319C5 /* SceneFactory.m */ = {isa = PBXFileReference; fileEncoding = 4; lastKnownFileType = sourcecode.c.objc; path = SceneFactory.m; sourceTree = "<group>"; };
		FD70730018303865003BFC29 /* pediasure.jpg */ = {isa = PBXFileReference; lastKnownFileType = image.jpeg; path = pediasure.jpg; sourceTree = "<group>"; };
		FD70730118303865003BFC29 /* pages_3_and_4.jpg */ = {isa = PBXFileReference; lastKnownFileType = image.jpeg; path = pages_3_and_4.jpg; sourceTree = "<group>"; };
		FD70730218303865003BFC29 /* pages_1_and_2.jpg */ = {isa = PBXFileReference; lastKnownFileType = image.jpeg; path = pages_1_and_2.jpg; sourceTree = "<group>"; };
		FD70730318303865003BFC29 /* moneybag.jpg */ = {isa = PBXFileReference; lastKnownFileType = image.jpeg; path = moneybag.jpg; sourceTree = "<group>"; };
		FD70730418303865003BFC29 /* page_5.jpg */ = {isa = PBXFileReference; lastKnownFileType = image.jpeg; path = page_5.jpg; sourceTree = "<group>"; };
		FD70730518303865003BFC29 /* full_bowl.jpg */ = {isa = PBXFileReference; lastKnownFileType = image.jpeg; path = full_bowl.jpg; sourceTree = "<group>"; };
		FD70730618303865003BFC29 /* drinking_sippy_2.jpg */ = {isa = PBXFileReference; lastKnownFileType = image.jpeg; path = drinking_sippy_2.jpg; sourceTree = "<group>"; };
		FD70730718303865003BFC29 /* drinking_sippy_1.jpg */ = {isa = PBXFileReference; lastKnownFileType = image.jpeg; path = drinking_sippy_1.jpg; sourceTree = "<group>"; };
		FD70730818303865003BFC29 /* drinking_pediasure_2.jpg */ = {isa = PBXFileReference; lastKnownFileType = image.jpeg; path = drinking_pediasure_2.jpg; sourceTree = "<group>"; };
		FD70730918303865003BFC29 /* drinking_pediasure_1.jpg */ = {isa = PBXFileReference; lastKnownFileType = image.jpeg; path = drinking_pediasure_1.jpg; sourceTree = "<group>"; };
		FD70730A18303865003BFC29 /* drinking_juice_2.jpg */ = {isa = PBXFileReference; lastKnownFileType = image.jpeg; path = drinking_juice_2.jpg; sourceTree = "<group>"; };
		FD70730B18303865003BFC29 /* drinking_glass_2.jpg */ = {isa = PBXFileReference; lastKnownFileType = image.jpeg; path = drinking_glass_2.jpg; sourceTree = "<group>"; };
		FD70730C18303865003BFC29 /* drinking_juice_1.jpg */ = {isa = PBXFileReference; lastKnownFileType = image.jpeg; path = drinking_juice_1.jpg; sourceTree = "<group>"; };
		FD70730D18303865003BFC29 /* drinking_glass_1.jpg */ = {isa = PBXFileReference; lastKnownFileType = image.jpeg; path = drinking_glass_1.jpg; sourceTree = "<group>"; };
		FD70730E18303865003BFC29 /* drinking_bottle_2.jpg */ = {isa = PBXFileReference; lastKnownFileType = image.jpeg; path = drinking_bottle_2.jpg; sourceTree = "<group>"; };
		FD70730F18303865003BFC29 /* drinking_bottle_1.jpg */ = {isa = PBXFileReference; lastKnownFileType = image.jpeg; path = drinking_bottle_1.jpg; sourceTree = "<group>"; };
		FD70731018303865003BFC29 /* tiny_shop_thumbnail.jpg */ = {isa = PBXFileReference; lastKnownFileType = image.jpeg; path = tiny_shop_thumbnail.jpg; sourceTree = "<group>"; };
		FD70731118303865003BFC29 /* tried_some_label.jpg */ = {isa = PBXFileReference; lastKnownFileType = image.jpeg; path = tried_some_label.jpg; sourceTree = "<group>"; };
		FD70731218303865003BFC29 /* sippy.jpg */ = {isa = PBXFileReference; lastKnownFileType = image.jpeg; path = sippy.jpg; sourceTree = "<group>"; };
		FD70731318303865003BFC29 /* redline.jpg */ = {isa = PBXFileReference; lastKnownFileType = image.jpeg; path = redline.jpg; sourceTree = "<group>"; };
		FD70731418303865003BFC29 /* none_this_time_label.jpg */ = {isa = PBXFileReference; lastKnownFileType = image.jpeg; path = none_this_time_label.jpg; sourceTree = "<group>"; };
		FD70731518303865003BFC29 /* lets_drink.jpg */ = {isa = PBXFileReference; lastKnownFileType = image.jpeg; path = lets_drink.jpg; sourceTree = "<group>"; };
		FD70731618303865003BFC29 /* main_tiny.jpg */ = {isa = PBXFileReference; lastKnownFileType = image.jpeg; path = main_tiny.jpg; sourceTree = "<group>"; };
		FD70731718303865003BFC29 /* juicebox.jpg */ = {isa = PBXFileReference; lastKnownFileType = image.jpeg; path = juicebox.jpg; sourceTree = "<group>"; };
		FD70731818303865003BFC29 /* im_done_label.jpg */ = {isa = PBXFileReference; lastKnownFileType = image.jpeg; path = im_done_label.jpg; sourceTree = "<group>"; };
		FD70731918303865003BFC29 /* feedback_tiny.jpg */ = {isa = PBXFileReference; lastKnownFileType = image.jpeg; path = feedback_tiny.jpg; sourceTree = "<group>"; };
		FD70731A18303865003BFC29 /* glass.jpg */ = {isa = PBXFileReference; lastKnownFileType = image.jpeg; path = glass.jpg; sourceTree = "<group>"; };
		FD70731B18303865003BFC29 /* eating_critter_1.jpg */ = {isa = PBXFileReference; lastKnownFileType = image.jpeg; path = eating_critter_1.jpg; sourceTree = "<group>"; };
		FD70731C18303865003BFC29 /* eating_critter_2.jpg */ = {isa = PBXFileReference; lastKnownFileType = image.jpeg; path = eating_critter_2.jpg; sourceTree = "<group>"; };
		FD70731D18303865003BFC29 /* coin_pouch.jpg */ = {isa = PBXFileReference; lastKnownFileType = image.jpeg; path = coin_pouch.jpg; sourceTree = "<group>"; };
		FD70731E18303865003BFC29 /* cutout.jpg */ = {isa = PBXFileReference; lastKnownFileType = image.jpeg; path = cutout.jpg; sourceTree = "<group>"; };
		FD70731F18303865003BFC29 /* coin_icon.jpg */ = {isa = PBXFileReference; lastKnownFileType = image.jpeg; path = coin_icon.jpg; sourceTree = "<group>"; };
		FD70732018303865003BFC29 /* clock_settings.jpg */ = {isa = PBXFileReference; lastKnownFileType = image.jpeg; path = clock_settings.jpg; sourceTree = "<group>"; };
		FD70732118303865003BFC29 /* checkmark.jpg */ = {isa = PBXFileReference; lastKnownFileType = image.jpeg; path = checkmark.jpg; sourceTree = "<group>"; };
		FD70732218303865003BFC29 /* bottle.jpg */ = {isa = PBXFileReference; lastKnownFileType = image.jpeg; path = bottle.jpg; sourceTree = "<group>"; };
		FD70732318303865003BFC29 /* camera.jpg */ = {isa = PBXFileReference; lastKnownFileType = image.jpeg; path = camera.jpg; sourceTree = "<group>"; };
		FD70732418303865003BFC29 /* book_cover.jpg */ = {isa = PBXFileReference; lastKnownFileType = image.jpeg; path = book_cover.jpg; sourceTree = "<group>"; };
		FD70732518303865003BFC29 /* back_arrow.jpg */ = {isa = PBXFileReference; lastKnownFileType = image.jpeg; path = back_arrow.jpg; sourceTree = "<group>"; };
		FD70732618303865003BFC29 /* arrow.jpg */ = {isa = PBXFileReference; lastKnownFileType = image.jpeg; path = arrow.jpg; sourceTree = "<group>"; };
		FD70732718303865003BFC29 /* all_finished_label.jpg */ = {isa = PBXFileReference; lastKnownFileType = image.jpeg; path = all_finished_label.jpg; sourceTree = "<group>"; };
		FD70732818303865003BFC29 /* camera_overlay.jpg */ = {isa = PBXFileReference; lastKnownFileType = image.jpeg; path = camera_overlay.jpg; sourceTree = "<group>"; };
		FD7073531833456C003BFC29 /* slurping.mp3 */ = {isa = PBXFileReference; lastKnownFileType = audio.mp3; path = slurping.mp3; sourceTree = "<group>"; };
		FDA12066182452EC00877E20 /* CustomTimerViewController.h */ = {isa = PBXFileReference; fileEncoding = 4; lastKnownFileType = sourcecode.c.h; path = CustomTimerViewController.h; sourceTree = "<group>"; };
		FDA12067182452EC00877E20 /* CustomTimerViewController.m */ = {isa = PBXFileReference; fileEncoding = 4; lastKnownFileType = sourcecode.c.objc; path = CustomTimerViewController.m; sourceTree = "<group>"; };
		FDA1206918256A3A00877E20 /* SetReminderAlertsViewController.h */ = {isa = PBXFileReference; fileEncoding = 4; lastKnownFileType = sourcecode.c.h; path = SetReminderAlertsViewController.h; sourceTree = "<group>"; };
		FDA1206A18256A3A00877E20 /* SetReminderAlertsViewController.m */ = {isa = PBXFileReference; fileEncoding = 4; lastKnownFileType = sourcecode.c.objc; path = SetReminderAlertsViewController.m; sourceTree = "<group>"; };
		FDB11DE91804E1F800F15964 /* AddMealNotificationViewController.h */ = {isa = PBXFileReference; fileEncoding = 4; lastKnownFileType = sourcecode.c.h; path = AddMealNotificationViewController.h; sourceTree = "<group>"; };
		FDB11DEA1804E1F800F15964 /* AddMealNotificationViewController.m */ = {isa = PBXFileReference; fileEncoding = 4; lastKnownFileType = sourcecode.c.objc; path = AddMealNotificationViewController.m; sourceTree = "<group>"; };
		FDB582FB17EA778F004C6FA3 /* README */ = {isa = PBXFileReference; fileEncoding = 4; lastKnownFileType = text; path = README; sourceTree = "<group>"; };
		FDB5830817EA8A9F004C6FA3 /* SettingsViewController.h */ = {isa = PBXFileReference; fileEncoding = 4; lastKnownFileType = sourcecode.c.h; path = SettingsViewController.h; sourceTree = "<group>"; };
		FDB5830917EA8A9F004C6FA3 /* SettingsViewController.m */ = {isa = PBXFileReference; fileEncoding = 4; lastKnownFileType = sourcecode.c.objc; path = SettingsViewController.m; sourceTree = "<group>"; };
		FDB5830C17EA8CF6004C6FA3 /* TinyShopViewController.h */ = {isa = PBXFileReference; fileEncoding = 4; lastKnownFileType = sourcecode.c.h; path = TinyShopViewController.h; sourceTree = "<group>"; };
		FDB5830D17EA8CF6004C6FA3 /* TinyShopViewController.m */ = {isa = PBXFileReference; fileEncoding = 4; lastKnownFileType = sourcecode.c.objc; path = TinyShopViewController.m; sourceTree = "<group>"; };
		FDB5830F17EA8DD9004C6FA3 /* EatViewController.h */ = {isa = PBXFileReference; fileEncoding = 4; lastKnownFileType = sourcecode.c.h; path = EatViewController.h; sourceTree = "<group>"; };
		FDB5831017EA8DD9004C6FA3 /* EatViewController.m */ = {isa = PBXFileReference; fileEncoding = 4; lastKnownFileType = sourcecode.c.objc; path = EatViewController.m; sourceTree = "<group>"; };
		FDB5831217EA8DE3004C6FA3 /* DrinkViewController.h */ = {isa = PBXFileReference; fileEncoding = 4; lastKnownFileType = sourcecode.c.h; path = DrinkViewController.h; sourceTree = "<group>"; };
		FDB5831317EA8DE3004C6FA3 /* DrinkViewController.m */ = {isa = PBXFileReference; fileEncoding = 4; lastKnownFileType = sourcecode.c.objc; path = DrinkViewController.m; sourceTree = "<group>"; };
		FDBC9CCF1816319800861C75 /* KBZipaDeeDooDah.ttf */ = {isa = PBXFileReference; lastKnownFileType = file; name = KBZipaDeeDooDah.ttf; path = ../KBZipaDeeDooDah.ttf; sourceTree = "<group>"; };
		FDBC9CD118163E2700861C75 /* FeedbackViewController.h */ = {isa = PBXFileReference; fileEncoding = 4; lastKnownFileType = sourcecode.c.h; path = FeedbackViewController.h; sourceTree = "<group>"; };
		FDBC9CD218163E2700861C75 /* FeedbackViewController.m */ = {isa = PBXFileReference; fileEncoding = 4; lastKnownFileType = sourcecode.c.objc; path = FeedbackViewController.m; sourceTree = "<group>"; };
		FDBC9D1218188A7500861C75 /* ChooseDrinkViewController.h */ = {isa = PBXFileReference; fileEncoding = 4; lastKnownFileType = sourcecode.c.h; path = ChooseDrinkViewController.h; sourceTree = "<group>"; };
		FDBC9D1318188A7500861C75 /* ChooseDrinkViewController.m */ = {isa = PBXFileReference; fileEncoding = 4; lastKnownFileType = sourcecode.c.objc; path = ChooseDrinkViewController.m; sourceTree = "<group>"; };
/* End PBXFileReference section */

/* Begin PBXFrameworksBuildPhase section */
		EC6FD1AE17EA746000EB05E9 /* Frameworks */ = {
			isa = PBXFrameworksBuildPhase;
			buildActionMask = 2147483647;
			files = (
				311252DE1820A935008D5C75 /* AVFoundation.framework in Frameworks */,
				EC6FD1B517EA746000EB05E9 /* UIKit.framework in Frameworks */,
				EC6FD1B717EA746000EB05E9 /* Foundation.framework in Frameworks */,
				EC6FD1B917EA746000EB05E9 /* CoreGraphics.framework in Frameworks */,
			);
			runOnlyForDeploymentPostprocessing = 0;
		};
		EC6FD1D617EA746000EB05E9 /* Frameworks */ = {
			isa = PBXFrameworksBuildPhase;
			buildActionMask = 2147483647;
			files = (
				EC6FD1DC17EA746000EB05E9 /* SenTestingKit.framework in Frameworks */,
				EC6FD1DD17EA746000EB05E9 /* UIKit.framework in Frameworks */,
				EC6FD1DE17EA746000EB05E9 /* Foundation.framework in Frameworks */,
			);
			runOnlyForDeploymentPostprocessing = 0;
		};
/* End PBXFrameworksBuildPhase section */

/* Begin PBXGroup section */
		EC6FD1A817EA746000EB05E9 = {
			isa = PBXGroup;
			children = (
				FD7073521833455E003BFC29 /* Sounds */,
				FDB582FF17EA7BD0004C6FA3 /* Images */,
				FDB582FB17EA778F004C6FA3 /* README */,
				EC6FD1BA17EA746000EB05E9 /* Tiny Tastes */,
				EC6FD1E117EA746000EB05E9 /* Tiny TastesTests */,
				EC6FD1B317EA746000EB05E9 /* Frameworks */,
				EC6FD1B217EA746000EB05E9 /* Products */,
			);
			sourceTree = "<group>";
		};
		EC6FD1B217EA746000EB05E9 /* Products */ = {
			isa = PBXGroup;
			children = (
				EC6FD1B117EA746000EB05E9 /* Tiny Tastes.app */,
				EC6FD1DA17EA746000EB05E9 /* Tiny TastesTests.octest */,
			);
			name = Products;
			sourceTree = "<group>";
		};
		EC6FD1B317EA746000EB05E9 /* Frameworks */ = {
			isa = PBXGroup;
			children = (
				311252DD1820A935008D5C75 /* AVFoundation.framework */,
				EC6FD1B417EA746000EB05E9 /* UIKit.framework */,
				EC6FD1B617EA746000EB05E9 /* Foundation.framework */,
				EC6FD1B817EA746000EB05E9 /* CoreGraphics.framework */,
				EC6FD1DB17EA746000EB05E9 /* SenTestingKit.framework */,
			);
			name = Frameworks;
			sourceTree = "<group>";
		};
		EC6FD1BA17EA746000EB05E9 /* Tiny Tastes */ = {
			isa = PBXGroup;
			children = (
				FDB5830B17EA8B5D004C6FA3 /* View Controllers */,
				EC6FD1CF17EA746000EB05E9 /* MainStoryboard_iPad.storyboard */,
				EC6FD1C317EA746000EB05E9 /* HomeAppDelegate.h */,
				EC6FD1C417EA746000EB05E9 /* HomeAppDelegate.m */,
				31544D3E181DAF41006C9D94 /* OverlayView.h */,
				31544D3F181DAF41006C9D94 /* OverlayView.m */,
				EC7124C11814603F007319C5 /* Scene.h */,
				EC7124C21814603F007319C5 /* Scene.m */,
				EC7124C918147519007319C5 /* SceneFactory.h */,
				EC7124CA18147519007319C5 /* SceneFactory.m */,
				EC7124C418146152007319C5 /* XMLDelegate.h */,
				EC7124C518146152007319C5 /* XMLDelegate.m */,
				EC6FD1BB17EA746000EB05E9 /* Supporting Files */,
			);
			path = "Tiny Tastes";
			sourceTree = "<group>";
		};
		EC6FD1BB17EA746000EB05E9 /* Supporting Files */ = {
			isa = PBXGroup;
			children = (
				FDBC9CCF1816319800861C75 /* KBZipaDeeDooDah.ttf */,
				EC7124BD181354EB007319C5 /* Story.strings */,
				EC6FD1BC17EA746000EB05E9 /* Tiny Tastes-Info.plist */,
				EC6FD1BD17EA746000EB05E9 /* InfoPlist.strings */,
				EC6FD1C017EA746000EB05E9 /* main.m */,
				EC6FD1C217EA746000EB05E9 /* Tiny Tastes-Prefix.pch */,
				EC6FD1C617EA746000EB05E9 /* Default.png */,
				EC6FD1C817EA746000EB05E9 /* Default@2x.png */,
				EC6FD1CA17EA746000EB05E9 /* Default-568h@2x.png */,
				EC7124BF18145E25007319C5 /* story.xml */,
			);
			name = "Supporting Files";
			sourceTree = "<group>";
		};
		EC6FD1E117EA746000EB05E9 /* Tiny TastesTests */ = {
			isa = PBXGroup;
			children = (
				EC6FD1E717EA746000EB05E9 /* Tiny_TastesTests.h */,
				EC6FD1E817EA746000EB05E9 /* Tiny_TastesTests.m */,
				EC6FD1E217EA746000EB05E9 /* Supporting Files */,
			);
			path = "Tiny TastesTests";
			sourceTree = "<group>";
		};
		EC6FD1E217EA746000EB05E9 /* Supporting Files */ = {
			isa = PBXGroup;
			children = (
				EC6FD1E317EA746000EB05E9 /* Tiny TastesTests-Info.plist */,
				EC6FD1E417EA746000EB05E9 /* InfoPlist.strings */,
			);
			name = "Supporting Files";
			sourceTree = "<group>";
		};
		FD7073521833455E003BFC29 /* Sounds */ = {
			isa = PBXGroup;
			children = (
				FD7073531833456C003BFC29 /* slurping.mp3 */,
			);
			name = Sounds;
			sourceTree = "<group>";
		};
		FDB582FF17EA7BD0004C6FA3 /* Images */ = {
			isa = PBXGroup;
			children = (
				FD70732718303865003BFC29 /* all_finished_label.jpg */,
				316ACB371831973A00FE3A83 /* bowl1.png */,
				316ACB381831973A00FE3A83 /* bowl2.png */,
				316ACB391831973A00FE3A83 /* bowl3.png */,
				316ACB3A1831973A00FE3A83 /* bowl4.png */,
				316ACB3B1831973A00FE3A83 /* bowl5.png */,
				316ACB3C1831973A00FE3A83 /* bowl6.png */,
				316ACB3D1831973A00FE3A83 /* bowl7.png */,
				316ACB3E1831973A00FE3A83 /* bowl8.png */,
				316ACB3F1831973A00FE3A83 /* bowl9.png */,
				316ACB401831973A00FE3A83 /* bowl10.png */,
				316ACB411831973A00FE3A83 /* bowl11.png */,
				316ACB421831973A00FE3A83 /* bowl12.png */,
				FD70732618303865003BFC29 /* arrow.jpg */,
				FD70732518303865003BFC29 /* back_arrow.jpg */,
				FD70732418303865003BFC29 /* book_cover.jpg */,
				FD70732218303865003BFC29 /* bottle.jpg */,
				FD70732318303865003BFC29 /* camera.jpg */,
				FD70732818303865003BFC29 /* camera_overlay.jpg */,
				FD70732118303865003BFC29 /* checkmark.jpg */,
				FD70732018303865003BFC29 /* clock_settings.jpg */,
				FD70731F18303865003BFC29 /* coin_icon.jpg */,
				FD70731D18303865003BFC29 /* coin_pouch.jpg */,
				FD70731E18303865003BFC29 /* cutout.jpg */,
				316ACB4F1831A15A00FE3A83 /* default_food.png */,
				FD70730F18303865003BFC29 /* drinking_bottle_1.jpg */,
				FD70730E18303865003BFC29 /* drinking_bottle_2.jpg */,
				FD70730D18303865003BFC29 /* drinking_glass_1.jpg */,
				FD70730B18303865003BFC29 /* drinking_glass_2.jpg */,
				FD70730C18303865003BFC29 /* drinking_juice_1.jpg */,
				FD70730A18303865003BFC29 /* drinking_juice_2.jpg */,
				FD70730918303865003BFC29 /* drinking_pediasure_1.jpg */,
				FD70730818303865003BFC29 /* drinking_pediasure_2.jpg */,
				FD70730718303865003BFC29 /* drinking_sippy_1.jpg */,
				FD70730618303865003BFC29 /* drinking_sippy_2.jpg */,
				FD70731B18303865003BFC29 /* eating_critter_1.jpg */,
				FD70731C18303865003BFC29 /* eating_critter_2.jpg */,
				FD70731918303865003BFC29 /* feedback_tiny.jpg */,
				FD70730518303865003BFC29 /* full_bowl.jpg */,
				FD70731A18303865003BFC29 /* glass.jpg */,
				FD70731818303865003BFC29 /* im_done_label.jpg */,
				FD70731718303865003BFC29 /* juicebox.jpg */,
				FD70731518303865003BFC29 /* lets_drink.jpg */,
				FD70731618303865003BFC29 /* main_tiny.jpg */,
				FD70730318303865003BFC29 /* moneybag.jpg */,
				FD70731418303865003BFC29 /* none_this_time_label.jpg */,
				FD70730418303865003BFC29 /* page_5.jpg */,
				FD70730218303865003BFC29 /* pages_1_and_2.jpg */,
				FD70730118303865003BFC29 /* pages_3_and_4.jpg */,
				FD70730018303865003BFC29 /* pediasure.jpg */,
				FD70731318303865003BFC29 /* redline.jpg */,
				FD70731218303865003BFC29 /* sippy.jpg */,
				FD70731018303865003BFC29 /* tiny_shop_thumbnail.jpg */,
				FD70731118303865003BFC29 /* tried_some_label.jpg */,
			);
			name = Images;
			sourceTree = "<group>";
		};
		FDB5830B17EA8B5D004C6FA3 /* View Controllers */ = {
			isa = PBXGroup;
			children = (
				FDA12066182452EC00877E20 /* CustomTimerViewController.h */,
				FDA12067182452EC00877E20 /* CustomTimerViewController.m */,
				FDBC9D1218188A7500861C75 /* ChooseDrinkViewController.h */,
				FDBC9D1318188A7500861C75 /* ChooseDrinkViewController.m */,
				FDBC9CD118163E2700861C75 /* FeedbackViewController.h */,
				FDBC9CD218163E2700861C75 /* FeedbackViewController.m */,
				FDA1206918256A3A00877E20 /* SetReminderAlertsViewController.h */,
				FDA1206A18256A3A00877E20 /* SetReminderAlertsViewController.m */,
				FDB11DE91804E1F800F15964 /* AddMealNotificationViewController.h */,
				FDB11DEA1804E1F800F15964 /* AddMealNotificationViewController.m */,
				31FD15CE1804B91C00142A5F /* PhotoViewController.h */,
				31FD15CF1804B91C00142A5F /* PhotoViewController.m */,
				FDB5830F17EA8DD9004C6FA3 /* EatViewController.h */,
				FDB5831017EA8DD9004C6FA3 /* EatViewController.m */,
				FDB5831217EA8DE3004C6FA3 /* DrinkViewController.h */,
				FDB5831317EA8DE3004C6FA3 /* DrinkViewController.m */,
				FDB5830C17EA8CF6004C6FA3 /* TinyShopViewController.h */,
				FDB5830D17EA8CF6004C6FA3 /* TinyShopViewController.m */,
				FDB5830817EA8A9F004C6FA3 /* SettingsViewController.h */,
				FDB5830917EA8A9F004C6FA3 /* SettingsViewController.m */,
				EC6FD1D217EA746000EB05E9 /* HomeViewController.h */,
				EC6FD1D317EA746000EB05E9 /* HomeViewController.m */,
				EC7124B41813430E007319C5 /* StoryDataViewController.h */,
				EC7124B51813430E007319C5 /* StoryDataViewController.m */,
				EC7124B718134358007319C5 /* StoryModelController.h */,
				EC7124B818134358007319C5 /* StoryModelController.m */,
				EC7124BA181343A2007319C5 /* StoryViewController.h */,
				EC7124BB181343A2007319C5 /* StoryViewController.m */,
			);
			name = "View Controllers";
			sourceTree = "<group>";
		};
/* End PBXGroup section */

/* Begin PBXNativeTarget section */
		EC6FD1B017EA746000EB05E9 /* Tiny Tastes */ = {
			isa = PBXNativeTarget;
			buildConfigurationList = EC6FD1EC17EA746000EB05E9 /* Build configuration list for PBXNativeTarget "Tiny Tastes" */;
			buildPhases = (
				EC6FD1AD17EA746000EB05E9 /* Sources */,
				EC6FD1AE17EA746000EB05E9 /* Frameworks */,
				EC6FD1AF17EA746000EB05E9 /* Resources */,
			);
			buildRules = (
			);
			dependencies = (
			);
			name = "Tiny Tastes";
			productName = "Tiny Tastes";
			productReference = EC6FD1B117EA746000EB05E9 /* Tiny Tastes.app */;
			productType = "com.apple.product-type.application";
		};
		EC6FD1D917EA746000EB05E9 /* Tiny TastesTests */ = {
			isa = PBXNativeTarget;
			buildConfigurationList = EC6FD1EF17EA746000EB05E9 /* Build configuration list for PBXNativeTarget "Tiny TastesTests" */;
			buildPhases = (
				EC6FD1D517EA746000EB05E9 /* Sources */,
				EC6FD1D617EA746000EB05E9 /* Frameworks */,
				EC6FD1D717EA746000EB05E9 /* Resources */,
				EC6FD1D817EA746000EB05E9 /* ShellScript */,
			);
			buildRules = (
			);
			dependencies = (
				EC6FD1E017EA746000EB05E9 /* PBXTargetDependency */,
			);
			name = "Tiny TastesTests";
			productName = "Tiny TastesTests";
			productReference = EC6FD1DA17EA746000EB05E9 /* Tiny TastesTests.octest */;
			productType = "com.apple.product-type.bundle";
		};
/* End PBXNativeTarget section */

/* Begin PBXProject section */
		EC6FD1A917EA746000EB05E9 /* Project object */ = {
			isa = PBXProject;
			attributes = {
				CLASSPREFIX = lelabs;
				LastUpgradeCheck = 0460;
				ORGANIZATIONNAME = "Le Labs";
				TargetAttributes = {
					EC6FD1B017EA746000EB05E9 = {
						DevelopmentTeam = HNACG3848H;
					};
				};
			};
			buildConfigurationList = EC6FD1AC17EA746000EB05E9 /* Build configuration list for PBXProject "Tiny Tastes" */;
			compatibilityVersion = "Xcode 3.2";
			developmentRegion = English;
			hasScannedForEncodings = 0;
			knownRegions = (
				en,
			);
			mainGroup = EC6FD1A817EA746000EB05E9;
			productRefGroup = EC6FD1B217EA746000EB05E9 /* Products */;
			projectDirPath = "";
			projectRoot = "";
			targets = (
				EC6FD1B017EA746000EB05E9 /* Tiny Tastes */,
				EC6FD1D917EA746000EB05E9 /* Tiny TastesTests */,
			);
		};
/* End PBXProject section */

/* Begin PBXResourcesBuildPhase section */
		EC6FD1AF17EA746000EB05E9 /* Resources */ = {
			isa = PBXResourcesBuildPhase;
			buildActionMask = 2147483647;
			files = (
				FD70733918303865003BFC29 /* tiny_shop_thumbnail.jpg in Resources */,
				EC6FD1BF17EA746000EB05E9 /* InfoPlist.strings in Resources */,
				FD70733318303865003BFC29 /* drinking_juice_2.jpg in Resources */,
				FD70733218303865003BFC29 /* drinking_pediasure_1.jpg in Resources */,
				FD70733F18303865003BFC29 /* main_tiny.jpg in Resources */,
				FD70733818303865003BFC29 /* drinking_bottle_1.jpg in Resources */,
				EC6FD1C717EA746000EB05E9 /* Default.png in Resources */,
				FD70733718303865003BFC29 /* drinking_bottle_2.jpg in Resources */,
				EC6FD1C917EA746000EB05E9 /* Default@2x.png in Resources */,
				FD70734C18303865003BFC29 /* camera.jpg in Resources */,
				FD70733118303865003BFC29 /* drinking_pediasure_2.jpg in Resources */,
				FD70733518303865003BFC29 /* drinking_juice_1.jpg in Resources */,
				FD70734D18303865003BFC29 /* book_cover.jpg in Resources */,
				FD70732B18303865003BFC29 /* pages_1_and_2.jpg in Resources */,
				FD70733618303865003BFC29 /* drinking_glass_1.jpg in Resources */,
				FD70734218303865003BFC29 /* feedback_tiny.jpg in Resources */,
				FD70732A18303865003BFC29 /* pages_3_and_4.jpg in Resources */,
				316ACB471831973A00FE3A83 /* bowl5.png in Resources */,
				FD70734B18303865003BFC29 /* bottle.jpg in Resources */,
				FD70734A18303865003BFC29 /* checkmark.jpg in Resources */,
				FD70734F18303865003BFC29 /* arrow.jpg in Resources */,
				FD70734118303865003BFC29 /* im_done_label.jpg in Resources */,
				FD70733B18303865003BFC29 /* sippy.jpg in Resources */,
				FD70734418303865003BFC29 /* eating_critter_1.jpg in Resources */,
				316ACB431831973A00FE3A83 /* bowl1.png in Resources */,
				FD70734818303865003BFC29 /* coin_icon.jpg in Resources */,
				FDBC9CD01816319800861C75 /* KBZipaDeeDooDah.ttf in Resources */,
				FD70733418303865003BFC29 /* drinking_glass_2.jpg in Resources */,
				316ACB4A1831973A00FE3A83 /* bowl8.png in Resources */,
				EC6FD1CB17EA746000EB05E9 /* Default-568h@2x.png in Resources */,
				FD70735118303865003BFC29 /* camera_overlay.jpg in Resources */,
				FD70734718303865003BFC29 /* cutout.jpg in Resources */,
				FD70733E18303865003BFC29 /* lets_drink.jpg in Resources */,
				316ACB491831973A00FE3A83 /* bowl7.png in Resources */,
				FD70733018303865003BFC29 /* drinking_sippy_1.jpg in Resources */,
				FD70732C18303865003BFC29 /* moneybag.jpg in Resources */,
				EC7124BE181354EB007319C5 /* Story.strings in Resources */,
				FD70734018303865003BFC29 /* juicebox.jpg in Resources */,
				FD70733C18303865003BFC29 /* redline.jpg in Resources */,
				316ACB4D1831973A00FE3A83 /* bowl11.png in Resources */,
				FD70732918303865003BFC29 /* pediasure.jpg in Resources */,
				FD70734518303865003BFC29 /* eating_critter_2.jpg in Resources */,
				316ACB461831973A00FE3A83 /* bowl4.png in Resources */,
				FD70734918303865003BFC29 /* clock_settings.jpg in Resources */,
				FD70734E18303865003BFC29 /* back_arrow.jpg in Resources */,
				EC6FD1D117EA746000EB05E9 /* MainStoryboard_iPad.storyboard in Resources */,
				FDB582FC17EA778F004C6FA3 /* README in Resources */,
				FD70734618303865003BFC29 /* coin_pouch.jpg in Resources */,
				FD70732D18303865003BFC29 /* page_5.jpg in Resources */,
				316ACB481831973A00FE3A83 /* bowl6.png in Resources */,
				316ACB4B1831973A00FE3A83 /* bowl9.png in Resources */,
				316ACB501831A15A00FE3A83 /* default_food.png in Resources */,
				FD70734318303865003BFC29 /* glass.jpg in Resources */,
				EC7124C018145E25007319C5 /* story.xml in Resources */,
				FD70733A18303865003BFC29 /* tried_some_label.jpg in Resources */,
				316ACB451831973A00FE3A83 /* bowl3.png in Resources */,
				316ACB4C1831973A00FE3A83 /* bowl10.png in Resources */,
				FD70732F18303865003BFC29 /* drinking_sippy_2.jpg in Resources */,
				FD70735018303865003BFC29 /* all_finished_label.jpg in Resources */,
				FD70732E18303865003BFC29 /* full_bowl.jpg in Resources */,
				316ACB441831973A00FE3A83 /* bowl2.png in Resources */,
				316ACB4E1831973A00FE3A83 /* bowl12.png in Resources */,
				FD7073541833456C003BFC29 /* slurping.mp3 in Resources */,
				FD70733D18303865003BFC29 /* none_this_time_label.jpg in Resources */,
			);
			runOnlyForDeploymentPostprocessing = 0;
		};
		EC6FD1D717EA746000EB05E9 /* Resources */ = {
			isa = PBXResourcesBuildPhase;
			buildActionMask = 2147483647;
			files = (
				EC6FD1E617EA746000EB05E9 /* InfoPlist.strings in Resources */,
			);
			runOnlyForDeploymentPostprocessing = 0;
		};
/* End PBXResourcesBuildPhase section */

/* Begin PBXShellScriptBuildPhase section */
		EC6FD1D817EA746000EB05E9 /* ShellScript */ = {
			isa = PBXShellScriptBuildPhase;
			buildActionMask = 2147483647;
			files = (
			);
			inputPaths = (
			);
			outputPaths = (
			);
			runOnlyForDeploymentPostprocessing = 0;
			shellPath = /bin/sh;
			shellScript = "# Run the unit tests in this test bundle.\n\"${SYSTEM_DEVELOPER_DIR}/Tools/RunUnitTests\"\n";
		};
/* End PBXShellScriptBuildPhase section */

/* Begin PBXSourcesBuildPhase section */
		EC6FD1AD17EA746000EB05E9 /* Sources */ = {
			isa = PBXSourcesBuildPhase;
			buildActionMask = 2147483647;
			files = (
				FDB11DEB1804E1F800F15964 /* AddMealNotificationViewController.m in Sources */,
				EC7124B61813430E007319C5 /* StoryDataViewController.m in Sources */,
				EC7124BC181343A2007319C5 /* StoryViewController.m in Sources */,
				EC7124C618146152007319C5 /* XMLDelegate.m in Sources */,
				31544D40181DAF41006C9D94 /* OverlayView.m in Sources */,
				EC6FD1C117EA746000EB05E9 /* main.m in Sources */,
				EC6FD1C517EA746000EB05E9 /* HomeAppDelegate.m in Sources */,
				EC6FD1D417EA746000EB05E9 /* HomeViewController.m in Sources */,
				FDA1206B18256A3A00877E20 /* SetReminderAlertsViewController.m in Sources */,
				FDA12068182452EC00877E20 /* CustomTimerViewController.m in Sources */,
				FDBC9D1418188A7500861C75 /* ChooseDrinkViewController.m in Sources */,
				FDB5830A17EA8A9F004C6FA3 /* SettingsViewController.m in Sources */,
				EC7124B918134358007319C5 /* StoryModelController.m in Sources */,
				FDB5830E17EA8CF6004C6FA3 /* TinyShopViewController.m in Sources */,
				FDB5831117EA8DD9004C6FA3 /* EatViewController.m in Sources */,
				FDB5831417EA8DE3004C6FA3 /* DrinkViewController.m in Sources */,
				EC7124C31814603F007319C5 /* Scene.m in Sources */,
				31FD15D01804B91C00142A5F /* PhotoViewController.m in Sources */,
				EC7124CB18147519007319C5 /* SceneFactory.m in Sources */,
				FDBC9CD318163E2700861C75 /* FeedbackViewController.m in Sources */,
			);
			runOnlyForDeploymentPostprocessing = 0;
		};
		EC6FD1D517EA746000EB05E9 /* Sources */ = {
			isa = PBXSourcesBuildPhase;
			buildActionMask = 2147483647;
			files = (
				EC6FD1E917EA746000EB05E9 /* Tiny_TastesTests.m in Sources */,
			);
			runOnlyForDeploymentPostprocessing = 0;
		};
/* End PBXSourcesBuildPhase section */

/* Begin PBXTargetDependency section */
		EC6FD1E017EA746000EB05E9 /* PBXTargetDependency */ = {
			isa = PBXTargetDependency;
			target = EC6FD1B017EA746000EB05E9 /* Tiny Tastes */;
			targetProxy = EC6FD1DF17EA746000EB05E9 /* PBXContainerItemProxy */;
		};
/* End PBXTargetDependency section */

/* Begin PBXVariantGroup section */
		EC6FD1BD17EA746000EB05E9 /* InfoPlist.strings */ = {
			isa = PBXVariantGroup;
			children = (
				EC6FD1BE17EA746000EB05E9 /* en */,
			);
			name = InfoPlist.strings;
			sourceTree = "<group>";
		};
		EC6FD1CF17EA746000EB05E9 /* MainStoryboard_iPad.storyboard */ = {
			isa = PBXVariantGroup;
			children = (
				EC6FD1D017EA746000EB05E9 /* en */,
			);
			name = MainStoryboard_iPad.storyboard;
			sourceTree = "<group>";
		};
		EC6FD1E417EA746000EB05E9 /* InfoPlist.strings */ = {
			isa = PBXVariantGroup;
			children = (
				EC6FD1E517EA746000EB05E9 /* en */,
			);
			name = InfoPlist.strings;
			sourceTree = "<group>";
		};
/* End PBXVariantGroup section */

/* Begin XCBuildConfiguration section */
		EC6FD1EA17EA746000EB05E9 /* Debug */ = {
			isa = XCBuildConfiguration;
			buildSettings = {
				ALWAYS_SEARCH_USER_PATHS = NO;
				CLANG_CXX_LANGUAGE_STANDARD = "gnu++0x";
				CLANG_CXX_LIBRARY = "libc++";
				CLANG_ENABLE_OBJC_ARC = YES;
				CLANG_WARN_CONSTANT_CONVERSION = YES;
				CLANG_WARN_EMPTY_BODY = YES;
				CLANG_WARN_ENUM_CONVERSION = YES;
				CLANG_WARN_INT_CONVERSION = YES;
				CLANG_WARN__DUPLICATE_METHOD_MATCH = YES;
				"CODE_SIGN_IDENTITY[sdk=iphoneos*]" = "iPhone Developer";
				COPY_PHASE_STRIP = NO;
				GCC_C_LANGUAGE_STANDARD = gnu99;
				GCC_DYNAMIC_NO_PIC = NO;
				GCC_OPTIMIZATION_LEVEL = 0;
				GCC_PREPROCESSOR_DEFINITIONS = (
					"DEBUG=1",
					"$(inherited)",
				);
				GCC_SYMBOLS_PRIVATE_EXTERN = NO;
				GCC_WARN_ABOUT_RETURN_TYPE = YES;
				GCC_WARN_UNINITIALIZED_AUTOS = YES;
				GCC_WARN_UNUSED_VARIABLE = YES;
				IPHONEOS_DEPLOYMENT_TARGET = 6.1;
				ONLY_ACTIVE_ARCH = YES;
				SDKROOT = iphoneos;
				TARGETED_DEVICE_FAMILY = "1,2";
			};
			name = Debug;
		};
		EC6FD1EB17EA746000EB05E9 /* Release */ = {
			isa = XCBuildConfiguration;
			buildSettings = {
				ALWAYS_SEARCH_USER_PATHS = NO;
				CLANG_CXX_LANGUAGE_STANDARD = "gnu++0x";
				CLANG_CXX_LIBRARY = "libc++";
				CLANG_ENABLE_OBJC_ARC = YES;
				CLANG_WARN_CONSTANT_CONVERSION = YES;
				CLANG_WARN_EMPTY_BODY = YES;
				CLANG_WARN_ENUM_CONVERSION = YES;
				CLANG_WARN_INT_CONVERSION = YES;
				CLANG_WARN__DUPLICATE_METHOD_MATCH = YES;
				"CODE_SIGN_IDENTITY[sdk=iphoneos*]" = "iPhone Developer";
				COPY_PHASE_STRIP = YES;
				GCC_C_LANGUAGE_STANDARD = gnu99;
				GCC_WARN_ABOUT_RETURN_TYPE = YES;
				GCC_WARN_UNINITIALIZED_AUTOS = YES;
				GCC_WARN_UNUSED_VARIABLE = YES;
				IPHONEOS_DEPLOYMENT_TARGET = 6.1;
				OTHER_CFLAGS = "-DNS_BLOCK_ASSERTIONS=1";
				SDKROOT = iphoneos;
				TARGETED_DEVICE_FAMILY = "1,2";
				VALIDATE_PRODUCT = YES;
			};
			name = Release;
		};
		EC6FD1ED17EA746000EB05E9 /* Debug */ = {
			isa = XCBuildConfiguration;
			buildSettings = {
				CODE_SIGN_IDENTITY = "iPhone Developer";
				"CODE_SIGN_IDENTITY[sdk=iphoneos*]" = "iPhone Developer";
				GCC_PRECOMPILE_PREFIX_HEADER = YES;
				GCC_PREFIX_HEADER = "Tiny Tastes/Tiny Tastes-Prefix.pch";
				INFOPLIST_FILE = "Tiny Tastes/Tiny Tastes-Info.plist";
				PRODUCT_NAME = "$(TARGET_NAME)";
				PROVISIONING_PROFILE = "";
				TARGETED_DEVICE_FAMILY = 2;
				WRAPPER_EXTENSION = app;
			};
			name = Debug;
		};
		EC6FD1EE17EA746000EB05E9 /* Release */ = {
			isa = XCBuildConfiguration;
			buildSettings = {
				CODE_SIGN_IDENTITY = "iPhone Developer";
				"CODE_SIGN_IDENTITY[sdk=iphoneos*]" = "iPhone Developer";
				GCC_PRECOMPILE_PREFIX_HEADER = YES;
				GCC_PREFIX_HEADER = "Tiny Tastes/Tiny Tastes-Prefix.pch";
				INFOPLIST_FILE = "Tiny Tastes/Tiny Tastes-Info.plist";
				PRODUCT_NAME = "$(TARGET_NAME)";
				PROVISIONING_PROFILE = "";
				TARGETED_DEVICE_FAMILY = 2;
				WRAPPER_EXTENSION = app;
			};
			name = Release;
		};
		EC6FD1F017EA746000EB05E9 /* Debug */ = {
			isa = XCBuildConfiguration;
			buildSettings = {
				BUNDLE_LOADER = "$(BUILT_PRODUCTS_DIR)/Tiny Tastes.app/Tiny Tastes";
				FRAMEWORK_SEARCH_PATHS = (
					"\"$(SDKROOT)/Developer/Library/Frameworks\"",
					"\"$(DEVELOPER_LIBRARY_DIR)/Frameworks\"",
				);
				GCC_PRECOMPILE_PREFIX_HEADER = YES;
				GCC_PREFIX_HEADER = "Tiny Tastes/Tiny Tastes-Prefix.pch";
				INFOPLIST_FILE = "Tiny TastesTests/Tiny TastesTests-Info.plist";
				PRODUCT_NAME = "$(TARGET_NAME)";
				TEST_HOST = "$(BUNDLE_LOADER)";
				WRAPPER_EXTENSION = octest;
			};
			name = Debug;
		};
		EC6FD1F117EA746000EB05E9 /* Release */ = {
			isa = XCBuildConfiguration;
			buildSettings = {
				BUNDLE_LOADER = "$(BUILT_PRODUCTS_DIR)/Tiny Tastes.app/Tiny Tastes";
				FRAMEWORK_SEARCH_PATHS = (
					"\"$(SDKROOT)/Developer/Library/Frameworks\"",
					"\"$(DEVELOPER_LIBRARY_DIR)/Frameworks\"",
				);
				GCC_PRECOMPILE_PREFIX_HEADER = YES;
				GCC_PREFIX_HEADER = "Tiny Tastes/Tiny Tastes-Prefix.pch";
				INFOPLIST_FILE = "Tiny TastesTests/Tiny TastesTests-Info.plist";
				PRODUCT_NAME = "$(TARGET_NAME)";
				TEST_HOST = "$(BUNDLE_LOADER)";
				WRAPPER_EXTENSION = octest;
			};
			name = Release;
		};
/* End XCBuildConfiguration section */

/* Begin XCConfigurationList section */
		EC6FD1AC17EA746000EB05E9 /* Build configuration list for PBXProject "Tiny Tastes" */ = {
			isa = XCConfigurationList;
			buildConfigurations = (
				EC6FD1EA17EA746000EB05E9 /* Debug */,
				EC6FD1EB17EA746000EB05E9 /* Release */,
			);
			defaultConfigurationIsVisible = 0;
			defaultConfigurationName = Release;
		};
		EC6FD1EC17EA746000EB05E9 /* Build configuration list for PBXNativeTarget "Tiny Tastes" */ = {
			isa = XCConfigurationList;
			buildConfigurations = (
				EC6FD1ED17EA746000EB05E9 /* Debug */,
				EC6FD1EE17EA746000EB05E9 /* Release */,
			);
			defaultConfigurationIsVisible = 0;
			defaultConfigurationName = Release;
		};
		EC6FD1EF17EA746000EB05E9 /* Build configuration list for PBXNativeTarget "Tiny TastesTests" */ = {
			isa = XCConfigurationList;
			buildConfigurations = (
				EC6FD1F017EA746000EB05E9 /* Debug */,
				EC6FD1F117EA746000EB05E9 /* Release */,
			);
			defaultConfigurationIsVisible = 0;
			defaultConfigurationName = Release;
		};
/* End XCConfigurationList section */
	};
	rootObject = EC6FD1A917EA746000EB05E9 /* Project object */;
}
